
Microsoft Visual Studio Solution File, Format Version 12.00
# Visual Studio Version 16
VisualStudioVersion = 16.0.30803.129
MinimumVisualStudioVersion = 10.0.40219.1
Project("{FAE04EC0-301F-11D3-BF4B-00C04F79EFBC}") = "sample-app.Server", "Server\sample-app.Server.csproj", "{D50C61FE-BD54-4178-B706-30B24023D597}"
EndProject
Project("{FAE04EC0-301F-11D3-BF4B-00C04F79EFBC}") = "sample-app.Client", "Client\sample-app.Client.csproj", "{AD263C0A-D1B2-4E1E-809E-DE1F14EBDDDF}"
EndProject
Project("{FAE04EC0-301F-11D3-BF4B-00C04F79EFBC}") = "sample-app.Shared", "Shared\sample-app.Shared.csproj", "{8CFBB9FF-A2A0-4A16-91B8-F7E8DF41AD7D}"
EndProject
Global
	GlobalSection(SolutionConfigurationPlatforms) = preSolution
		Debug|Any CPU = Debug|Any CPU
		Release|Any CPU = Release|Any CPU
	EndGlobalSection
	GlobalSection(ProjectConfigurationPlatforms) = postSolution
		{D50C61FE-BD54-4178-B706-30B24023D597}.Debug|Any CPU.ActiveCfg = Debug|Any CPU
		{D50C61FE-BD54-4178-B706-30B24023D597}.Debug|Any CPU.Build.0 = Debug|Any CPU
		{D50C61FE-BD54-4178-B706-30B24023D597}.Release|Any CPU.ActiveCfg = Release|Any CPU
		{D50C61FE-BD54-4178-B706-30B24023D597}.Release|Any CPU.Build.0 = Release|Any CPU
		{AD263C0A-D1B2-4E1E-809E-DE1F14EBDDDF}.Debug|Any CPU.ActiveCfg = Debug|Any CPU
		{AD263C0A-D1B2-4E1E-809E-DE1F14EBDDDF}.Debug|Any CPU.Build.0 = Debug|Any CPU
		{AD263C0A-D1B2-4E1E-809E-DE1F14EBDDDF}.Release|Any CPU.ActiveCfg = Release|Any CPU
		{AD263C0A-D1B2-4E1E-809E-DE1F14EBDDDF}.Release|Any CPU.Build.0 = Release|Any CPU
		{8CFBB9FF-A2A0-4A16-91B8-F7E8DF41AD7D}.Debug|Any CPU.ActiveCfg = Debug|Any CPU
		{8CFBB9FF-A2A0-4A16-91B8-F7E8DF41AD7D}.Debug|Any CPU.Build.0 = Debug|Any CPU
		{8CFBB9FF-A2A0-4A16-91B8-F7E8DF41AD7D}.Release|Any CPU.ActiveCfg = Release|Any CPU
		{8CFBB9FF-A2A0-4A16-91B8-F7E8DF41AD7D}.Release|Any CPU.Build.0 = Release|Any CPU
	EndGlobalSection
	GlobalSection(SolutionProperties) = preSolution
		HideSolutionNode = FALSE
	EndGlobalSection
	GlobalSection(ExtensibilityGlobals) = postSolution
		SolutionGuid = {A854EBCB-E978-4304-BF03-9856874988CE}
	EndGlobalSection
EndGlobal
